Microsoft Visual Studio Solution File, Format Version 12.00
# Visual Studio Version 17
VisualStudioVersion = 17.5.2.0
MinimumVisualStudioVersion = 10.0.40219.1
Project("{FAE04EC0-301F-11D3-BF4B-00C04F79EFBC}") = "8-print_last_digit", "8-print_last_digit.csproj", "{E0666418-C52B-F1F9-B7A7-046B3ADCE0D9}"
EndProject
Global
	GlobalSection(SolutionConfigurationPlatforms) = preSolution
		Debug|Any CPU = Debug|Any CPU
		Release|Any CPU = Release|Any CPU
	EndGlobalSection
	GlobalSection(ProjectConfigurationPlatforms) = postSolution
		{E0666418-C52B-F1F9-B7A7-046B3ADCE0D9}.Debug|Any CPU.ActiveCfg = Debug|Any CPU
		{E0666418-C52B-F1F9-B7A7-046B3ADCE0D9}.Debug|Any CPU.Build.0 = Debug|Any CPU
		{E0666418-C52B-F1F9-B7A7-046B3ADCE0D9}.Release|Any CPU.ActiveCfg = Release|Any CPU
		{E0666418-C52B-F1F9-B7A7-046B3ADCE0D9}.Release|Any CPU.Build.0 = Release|Any CPU
	EndGlobalSection
	GlobalSection(SolutionProperties) = preSolution
		HideSolutionNode = FALSE
	EndGlobalSection
	GlobalSection(ExtensibilityGlobals) = postSolution
		SolutionGuid = {99086FC6-C574-49C8-9566-952A89A1BFD0}
	EndGlobalSection
EndGlobal
